
Microsoft Visual Studio Solution File, Format Version 12.00
# Visual Studio Version 17
VisualStudioVersion = 17.14.36414.22
MinimumVisualStudioVersion = 10.0.40219.1
Project("{FAE04EC0-301F-11D3-BF4B-00C04F79EFBC}") = "EVDMS.Presentation", "EVDMS.Presentation\EVDMS.Presentation.csproj", "{AF9C5D53-BABA-4802-AC4E-ED834FCD82AE}"
EndProject
Project("{FAE04EC0-301F-11D3-BF4B-00C04F79EFBC}") = "EVDMS.BLL", "EVDMS.BLL\EVDMS.BLL.csproj", "{2538282B-A89D-5CB0-66B3-4284A399FDC4}"
EndProject
Project("{FAE04EC0-301F-11D3-BF4B-00C04F79EFBC}") = "EVDMS.Core", "EVDMS.Core\EVDMS.Core.csproj", "{74BE628F-A654-7F25-7E83-1C7E782B4E2A}"
EndProject
Project("{FAE04EC0-301F-11D3-BF4B-00C04F79EFBC}") = "EVDMS.DAL", "EVDMS.DAL\EVDMS.DAL.csproj", "{2F7BF705-43D8-E822-76F2-9E2708AF016C}"
EndProject
Global
	GlobalSection(SolutionConfigurationPlatforms) = preSolution
		Debug|Any CPU = Debug|Any CPU
		Release|Any CPU = Release|Any CPU
	EndGlobalSection
	GlobalSection(ProjectConfigurationPlatforms) = postSolution
		{AF9C5D53-BABA-4802-AC4E-ED834FCD82AE}.Debug|Any CPU.ActiveCfg = Debug|Any CPU
		{AF9C5D53-BABA-4802-AC4E-ED834FCD82AE}.Debug|Any CPU.Build.0 = Debug|Any CPU
		{AF9C5D53-BABA-4802-AC4E-ED834FCD82AE}.Release|Any CPU.ActiveCfg = Release|Any CPU
		{AF9C5D53-BABA-4802-AC4E-ED834FCD82AE}.Release|Any CPU.Build.0 = Release|Any CPU
		{2538282B-A89D-5CB0-66B3-4284A399FDC4}.Debug|Any CPU.ActiveCfg = Debug|Any CPU
		{2538282B-A89D-5CB0-66B3-4284A399FDC4}.Debug|Any CPU.Build.0 = Debug|Any CPU
		{2538282B-A89D-5CB0-66B3-4284A399FDC4}.Release|Any CPU.ActiveCfg = Release|Any CPU
		{2538282B-A89D-5CB0-66B3-4284A399FDC4}.Release|Any CPU.Build.0 = Release|Any CPU
		{74BE628F-A654-7F25-7E83-1C7E782B4E2A}.Debug|Any CPU.ActiveCfg = Debug|Any CPU
		{74BE628F-A654-7F25-7E83-1C7E782B4E2A}.Debug|Any CPU.Build.0 = Debug|Any CPU
		{74BE628F-A654-7F25-7E83-1C7E782B4E2A}.Release|Any CPU.ActiveCfg = Release|Any CPU
		{74BE628F-A654-7F25-7E83-1C7E782B4E2A}.Release|Any CPU.Build.0 = Release|Any CPU
		{2F7BF705-43D8-E822-76F2-9E2708AF016C}.Debug|Any CPU.ActiveCfg = Debug|Any CPU
		{2F7BF705-43D8-E822-76F2-9E2708AF016C}.Debug|Any CPU.Build.0 = Debug|Any CPU
		{2F7BF705-43D8-E822-76F2-9E2708AF016C}.Release|Any CPU.ActiveCfg = Release|Any CPU
		{2F7BF705-43D8-E822-76F2-9E2708AF016C}.Release|Any CPU.Build.0 = Release|Any CPU
	EndGlobalSection
	GlobalSection(SolutionProperties) = preSolution
		HideSolutionNode = FALSE
	EndGlobalSection
	GlobalSection(ExtensibilityGlobals) = postSolution
		SolutionGuid = {D8670A98-0CF3-4AD8-B0ED-C3629324B6B5}
	EndGlobalSection
EndGlobal
